
Microsoft Visual Studio Solution File, Format Version 12.00
# Visual Studio Version 17
VisualStudioVersion = 17.3.32929.385
MinimumVisualStudioVersion = 10.0.40219.1
Project("{FAE04EC0-301F-11D3-BF4B-00C04F79EFBC}") = "DVPImplementation", "DVPImplementation.csproj", "{2280B169-E987-4695-BEFB-30EA243B9647}"
EndProject
Global
	GlobalSection(SolutionConfigurationPlatforms) = preSolution
		Debug|Any CPU = Debug|Any CPU
		Release|Any CPU = Release|Any CPU
	EndGlobalSection
	GlobalSection(ProjectConfigurationPlatforms) = postSolution
		{2280B169-E987-4695-BEFB-30EA243B9647}.Debug|Any CPU.ActiveCfg = Debug|Any CPU
		{2280B169-E987-4695-BEFB-30EA243B9647}.Debug|Any CPU.Build.0 = Debug|Any CPU
		{2280B169-E987-4695-BEFB-30EA243B9647}.Release|Any CPU.ActiveCfg = Release|Any CPU
		{2280B169-E987-4695-BEFB-30EA243B9647}.Release|Any CPU.Build.0 = Release|Any CPU
	EndGlobalSection
	GlobalSection(SolutionProperties) = preSolution
		HideSolutionNode = FALSE
	EndGlobalSection
	GlobalSection(ExtensibilityGlobals) = postSolution
		SolutionGuid = {494AF192-26E2-4226-A04F-16476E9D4963}
	EndGlobalSection
EndGlobal
